// !$*UTF8*$!
{
	archiveVersion = 1;
	classes = {
	};
	objectVersion = 55;
	objects = {

/* Begin PBXBuildFile section */
		83F91D5C482DAD6E547A8FE6 /* Pods_pay.framework in Frameworks */ = {isa = PBXBuildFile; fileRef = F88C200128B140CE2025E255 /* Pods_pay.framework */; };
		A871ACE8277B7F0300A7C100 /* AppDelegate.swift in Sources */ = {isa = PBXBuildFile; fileRef = A871ACE7277B7F0300A7C100 /* AppDelegate.swift */; };
		A871ACEA277B7F0300A7C100 /* SceneDelegate.swift in Sources */ = {isa = PBXBuildFile; fileRef = A871ACE9277B7F0300A7C100 /* SceneDelegate.swift */; };
		A871ACF4277B7F0500A7C100 /* LaunchScreen.storyboard in Resources */ = {isa = PBXBuildFile; fileRef = A871ACF2277B7F0500A7C100 /* LaunchScreen.storyboard */; };
		A871AD03277B808800A7C100 /* Assets.xcassets in Resources */ = {isa = PBXBuildFile; fileRef = A871AD02277B808800A7C100 /* Assets.xcassets */; };
		A871AD0E277B81B300A7C100 /* UIButton.swift in Sources */ = {isa = PBXBuildFile; fileRef = A871AD0D277B81B300A7C100 /* UIButton.swift */; };
		A871AD16277B81E200A7C100 /* LocalDataManager.swift in Sources */ = {isa = PBXBuildFile; fileRef = A871AD15277B81E200A7C100 /* LocalDataManager.swift */; };
		A871AD18277B81EE00A7C100 /* PurchaseManager.swift in Sources */ = {isa = PBXBuildFile; fileRef = A871AD17277B81EE00A7C100 /* PurchaseManager.swift */; };
		A871AD1B277B821C00A7C100 /* Constats.swift in Sources */ = {isa = PBXBuildFile; fileRef = A871AD1A277B821C00A7C100 /* Constats.swift */; };
		A871AD1E277B824C00A7C100 /* PurchaseViewController.swift in Sources */ = {isa = PBXBuildFile; fileRef = A871AD1D277B824C00A7C100 /* PurchaseViewController.swift */; };
		A871AD20277B827700A7C100 /* PurchaseViewController.xib in Resources */ = {isa = PBXBuildFile; fileRef = A871AD1F277B827700A7C100 /* PurchaseViewController.xib */; };
		A871AD22277B86E700A7C100 /* .gitignore in Resources */ = {isa = PBXBuildFile; fileRef = A871AD21277B86E700A7C100 /* .gitignore */; };
/* End PBXBuildFile section */

/* Begin PBXFileReference section */
		04255E88DF129D7951B45E48 /* Pods-pay.debug.xcconfig */ = {isa = PBXFileReference; includeInIndex = 1; lastKnownFileType = text.xcconfig; name = "Pods-pay.debug.xcconfig"; path = "Target Support Files/Pods-pay/Pods-pay.debug.xcconfig"; sourceTree = "<group>"; };
		3C3154E0AFC58D4348FA6231 /* Pods-pay.release.xcconfig */ = {isa = PBXFileReference; includeInIndex = 1; lastKnownFileType = text.xcconfig; name = "Pods-pay.release.xcconfig"; path = "Target Support Files/Pods-pay/Pods-pay.release.xcconfig"; sourceTree = "<group>"; };
		A871ACE4277B7F0300A7C100 /* pay.app */ = {isa = PBXFileReference; explicitFileType = wrapper.application; includeInIndex = 0; path = pay.app; sourceTree = BUILT_PRODUCTS_DIR; };
		A871ACE7277B7F0300A7C100 /* AppDelegate.swift */ = {isa = PBXFileReference; lastKnownFileType = sourcecode.swift; path = AppDelegate.swift; sourceTree = "<group>"; };
		A871ACE9277B7F0300A7C100 /* SceneDelegate.swift */ = {isa = PBXFileReference; lastKnownFileType = sourcecode.swift; path = SceneDelegate.swift; sourceTree = "<group>"; };
		A871ACF3277B7F0500A7C100 /* Base */ = {isa = PBXFileReference; lastKnownFileType = file.storyboard; name = Base; path = Base.lproj/LaunchScreen.storyboard; sourceTree = "<group>"; };
		A871ACF5277B7F0500A7C100 /* Info.plist */ = {isa = PBXFileReference; lastKnownFileType = text.plist.xml; path = Info.plist; sourceTree = "<group>"; };
		A871AD02277B808800A7C100 /* Assets.xcassets */ = {isa = PBXFileReference; lastKnownFileType = folder.assetcatalog; path = Assets.xcassets; sourceTree = "<group>"; };
		A871AD0D277B81B300A7C100 /* UIButton.swift */ = {isa = PBXFileReference; lastKnownFileType = sourcecode.swift; path = UIButton.swift; sourceTree = "<group>"; };
		A871AD15277B81E200A7C100 /* LocalDataManager.swift */ = {isa = PBXFileReference; lastKnownFileType = sourcecode.swift; path = LocalDataManager.swift; sourceTree = "<group>"; };
		A871AD17277B81EE00A7C100 /* PurchaseManager.swift */ = {isa = PBXFileReference; lastKnownFileType = sourcecode.swift; path = PurchaseManager.swift; sourceTree = "<group>"; };
		A871AD1A277B821C00A7C100 /* Constats.swift */ = {isa = PBXFileReference; lastKnownFileType = sourcecode.swift; path = Constats.swift; sourceTree = "<group>"; };
		A871AD1D277B824C00A7C100 /* PurchaseViewController.swift */ = {isa = PBXFileReference; lastKnownFileType = sourcecode.swift; path = PurchaseViewController.swift; sourceTree = "<group>"; };
		A871AD1F277B827700A7C100 /* PurchaseViewController.xib */ = {isa = PBXFileReference; lastKnownFileType = file.xib; path = PurchaseViewController.xib; sourceTree = "<group>"; };
		A871AD21277B86E700A7C100 /* .gitignore */ = {isa = PBXFileReference; lastKnownFileType = text; path = .gitignore; sourceTree = "<group>"; };
		F88C200128B140CE2025E255 /* Pods_pay.framework */ = {isa = PBXFileReference; explicitFileType = wrapper.framework; includeInIndex = 0; path = Pods_pay.framework; sourceTree = BUILT_PRODUCTS_DIR; };
/* End PBXFileReference section */

/* Begin PBXFrameworksBuildPhase section */
		A871ACE1277B7F0300A7C100 /* Frameworks */ = {
			isa = PBXFrameworksBuildPhase;
			buildActionMask = 2147483647;
			files = (
				83F91D5C482DAD6E547A8FE6 /* Pods_pay.framework in Frameworks */,
			);
			runOnlyForDeploymentPostprocessing = 0;
		};
/* End PBXFrameworksBuildPhase section */

/* Begin PBXGroup section */
		0FD5EFD834F198769BEAFDC7 /* Pods */ = {
			isa = PBXGroup;
			children = (
				04255E88DF129D7951B45E48 /* Pods-pay.debug.xcconfig */,
				3C3154E0AFC58D4348FA6231 /* Pods-pay.release.xcconfig */,
			);
			path = Pods;
			sourceTree = "<group>";
		};
		A871ACDB277B7F0300A7C100 = {
			isa = PBXGroup;
			children = (
				A871ACE6277B7F0300A7C100 /* pay */,
				A871ACE5277B7F0300A7C100 /* Products */,
				0FD5EFD834F198769BEAFDC7 /* Pods */,
				DA0862D7911F38AF49FC7C81 /* Frameworks */,
			);
			sourceTree = "<group>";
		};
		A871ACE5277B7F0300A7C100 /* Products */ = {
			isa = PBXGroup;
			children = (
				A871ACE4277B7F0300A7C100 /* pay.app */,
			);
			name = Products;
			sourceTree = "<group>";
		};
		A871ACE6277B7F0300A7C100 /* pay */ = {
			isa = PBXGroup;
			children = (
				A871AD1C277B824600A7C100 /* Controllers */,
				A871AD19277B820100A7C100 /* Managers */,
				A871AD0F277B81CA00A7C100 /* Extensions */,
				A871ACFB277B806600A7C100 /* AppDelegate */,
				A871ACF2277B7F0500A7C100 /* LaunchScreen.storyboard */,
				A871AD02277B808800A7C100 /* Assets.xcassets */,
				A871ACF5277B7F0500A7C100 /* Info.plist */,
				A871AD21277B86E700A7C100 /* .gitignore */,
			);
			path = pay;
			sourceTree = "<group>";
		};
		A871ACFB277B806600A7C100 /* AppDelegate */ = {
			isa = PBXGroup;
			children = (
				A871ACE7277B7F0300A7C100 /* AppDelegate.swift */,
				A871ACE9277B7F0300A7C100 /* SceneDelegate.swift */,
				A871AD1A277B821C00A7C100 /* Constats.swift */,
			);
			path = AppDelegate;
			sourceTree = "<group>";
		};
		A871AD0F277B81CA00A7C100 /* Extensions */ = {
			isa = PBXGroup;
			children = (
				A871AD0D277B81B300A7C100 /* UIButton.swift */,
			);
			path = Extensions;
			sourceTree = "<group>";
		};
		A871AD19277B820100A7C100 /* Managers */ = {
			isa = PBXGroup;
			children = (
				A871AD15277B81E200A7C100 /* LocalDataManager.swift */,
				A871AD17277B81EE00A7C100 /* PurchaseManager.swift */,
			);
			path = Managers;
			sourceTree = "<group>";
		};
		A871AD1C277B824600A7C100 /* Controllers */ = {
			isa = PBXGroup;
			children = (
				A871AD1D277B824C00A7C100 /* PurchaseViewController.swift */,
				A871AD1F277B827700A7C100 /* PurchaseViewController.xib */,
			);
			path = Controllers;
			sourceTree = "<group>";
		};
		DA0862D7911F38AF49FC7C81 /* Frameworks */ = {
			isa = PBXGroup;
			children = (
				F88C200128B140CE2025E255 /* Pods_pay.framework */,
			);
			name = Frameworks;
			sourceTree = "<group>";
		};
/* End PBXGroup section */

/* Begin PBXNativeTarget section */
		A871ACE3277B7F0300A7C100 /* pay */ = {
			isa = PBXNativeTarget;
			buildConfigurationList = A871ACF8277B7F0500A7C100 /* Build configuration list for PBXNativeTarget "pay" */;
			buildPhases = (
				78900153539EE5E376966B2A /* [CP] Check Pods Manifest.lock */,
				A871ACE0277B7F0300A7C100 /* Sources */,
				A871ACE1277B7F0300A7C100 /* Frameworks */,
				A871ACE2277B7F0300A7C100 /* Resources */,
				B3459642C305E4544F8DC5F9 /* [CP] Embed Pods Frameworks */,
			);
			buildRules = (
			);
			dependencies = (
			);
			name = pay;
			productName = pay;
			productReference = A871ACE4277B7F0300A7C100 /* pay.app */;
			productType = "com.apple.product-type.application";
		};
/* End PBXNativeTarget section */

/* Begin PBXProject section */
		A871ACDC277B7F0300A7C100 /* Project object */ = {
			isa = PBXProject;
			attributes = {
				BuildIndependentTargetsInParallel = 1;
				LastSwiftUpdateCheck = 1310;
				LastUpgradeCheck = 1310;
				TargetAttributes = {
					A871ACE3277B7F0300A7C100 = {
						CreatedOnToolsVersion = 13.1;
					};
				};
			};
			buildConfigurationList = A871ACDF277B7F0300A7C100 /* Build configuration list for PBXProject "pay" */;
			compatibilityVersion = "Xcode 13.0";
			developmentRegion = en;
			hasScannedForEncodings = 0;
			knownRegions = (
				en,
				Base,
			);
			mainGroup = A871ACDB277B7F0300A7C100;
			productRefGroup = A871ACE5277B7F0300A7C100 /* Products */;
			projectDirPath = "";
			projectRoot = "";
			targets = (
				A871ACE3277B7F0300A7C100 /* pay */,
			);
		};
/* End PBXProject section */

/* Begin PBXResourcesBuildPhase section */
		A871ACE2277B7F0300A7C100 /* Resources */ = {
			isa = PBXResourcesBuildPhase;
			buildActionMask = 2147483647;
			files = (
				A871AD22277B86E700A7C100 /* .gitignore in Resources */,
				A871AD03277B808800A7C100 /* Assets.xcassets in Resources */,
				A871AD20277B827700A7C100 /* PurchaseViewController.xib in Resources */,
				A871ACF4277B7F0500A7C100 /* LaunchScreen.storyboard in Resources */,
			);
			runOnlyForDeploymentPostprocessing = 0;
		};
/* End PBXResourcesBuildPhase section */

/* Begin PBXShellScriptBuildPhase section */
		78900153539EE5E376966B2A /* [CP] Check Pods Manifest.lock */ = {
			isa = PBXShellScriptBuildPhase;
			buildActionMask = 2147483647;
			files = (
			);
			inputFileListPaths = (
			);
			inputPaths = (
				"${PODS_PODFILE_DIR_PATH}/Podfile.lock",
				"${PODS_ROOT}/Manifest.lock",
			);
			name = "[CP] Check Pods Manifest.lock";
			outputFileListPaths = (
			);
			outputPaths = (
				"$(DERIVED_FILE_DIR)/Pods-pay-checkManifestLockResult.txt",
			);
			runOnlyForDeploymentPostprocessing = 0;
			shellPath = /bin/sh;
			shellScript = "diff \"${PODS_PODFILE_DIR_PATH}/Podfile.lock\" \"${PODS_ROOT}/Manifest.lock\" > /dev/null\nif [ $? != 0 ] ; then\n    # print error to STDERR\n    echo \"error: The sandbox is not in sync with the Podfile.lock. Run 'pod install' or update your CocoaPods installation.\" >&2\n    exit 1\nfi\n# This output is used by Xcode 'outputs' to avoid re-running this script phase.\necho \"SUCCESS\" > \"${SCRIPT_OUTPUT_FILE_0}\"\n";
			showEnvVarsInLog = 0;
		};
		B3459642C305E4544F8DC5F9 /* [CP] Embed Pods Frameworks */ = {
			isa = PBXShellScriptBuildPhase;
			buildActionMask = 2147483647;
			files = (
			);
			inputFileListPaths = (
				"${PODS_ROOT}/Target Support Files/Pods-pay/Pods-pay-frameworks-${CONFIGURATION}-input-files.xcfilelist",
			);
			name = "[CP] Embed Pods Frameworks";
			outputFileListPaths = (
				"${PODS_ROOT}/Target Support Files/Pods-pay/Pods-pay-frameworks-${CONFIGURATION}-output-files.xcfilelist",
			);
			runOnlyForDeploymentPostprocessing = 0;
			shellPath = /bin/sh;
			shellScript = "\"${PODS_ROOT}/Target Support Files/Pods-pay/Pods-pay-frameworks.sh\"\n";
			showEnvVarsInLog = 0;
		};
/* End PBXShellScriptBuildPhase section */

/* Begin PBXSourcesBuildPhase section */
		A871ACE0277B7F0300A7C100 /* Sources */ = {
			isa = PBXSourcesBuildPhase;
			buildActionMask = 2147483647;
			files = (
				A871AD1B277B821C00A7C100 /* Constats.swift in Sources */,
				A871AD1E277B824C00A7C100 /* PurchaseViewController.swift in Sources */,
				A871ACE8277B7F0300A7C100 /* AppDelegate.swift in Sources */,
				A871AD18277B81EE00A7C100 /* PurchaseManager.swift in Sources */,
				A871AD16277B81E200A7C100 /* LocalDataManager.swift in Sources */,
				A871ACEA277B7F0300A7C100 /* SceneDelegate.swift in Sources */,
				A871AD0E277B81B300A7C100 /* UIButton.swift in Sources */,
			);
			runOnlyForDeploymentPostprocessing = 0;
		};
/* End PBXSourcesBuildPhase section */

/* Begin PBXVariantGroup section */
		A871ACF2277B7F0500A7C100 /* LaunchScreen.storyboard */ = {
			isa = PBXVariantGroup;
			children = (
				A871ACF3277B7F0500A7C100 /* Base */,
			);
			name = LaunchScreen.storyboard;
			sourceTree = "<group>";
		};
/* End PBXVariantGroup section */

/* Begin XCBuildConfiguration section */
		A871ACF6277B7F0500A7C100 /* Debug */ = {
			isa = XCBuildConfiguration;
			buildSettings = {
				ALWAYS_SEARCH_USER_PATHS = NO;
				CLANG_ANALYZER_NONNULL = YES;
				CLANG_ANALYZER_NUMBER_OBJECT_CONVERSION = YES_AGGRESSIVE;
				CLANG_CXX_LANGUAGE_STANDARD = "gnu++17";
				CLANG_CXX_LIBRARY = "libc++";
				CLANG_ENABLE_MODULES = YES;
				CLANG_ENABLE_OBJC_ARC = YES;
				CLANG_ENABLE_OBJC_WEAK = YES;
				CLANG_WARN_BLOCK_CAPTURE_AUTORELEASING = YES;
				CLANG_WARN_BOOL_CONVERSION = YES;
				CLANG_WARN_COMMA = YES;
				CLANG_WARN_CONSTANT_CONVERSION = YES;
				CLANG_WARN_DEPRECATED_OBJC_IMPLEMENTATIONS = YES;
				CLANG_WARN_DIRECT_OBJC_ISA_USAGE = YES_ERROR;
				CLANG_WARN_DOCUMENTATION_COMMENTS = YES;
				CLANG_WARN_EMPTY_BODY = YES;
				CLANG_WARN_ENUM_CONVERSION = YES;
				CLANG_WARN_INFINITE_RECURSION = YES;
				CLANG_WARN_INT_CONVERSION = YES;
				CLANG_WARN_NON_LITERAL_NULL_CONVERSION = YES;
				CLANG_WARN_OBJC_IMPLICIT_RETAIN_SELF = YES;
				CLANG_WARN_OBJC_LITERAL_CONVERSION = YES;
				CLANG_WARN_OBJC_ROOT_CLASS = YES_ERROR;
				CLANG_WARN_QUOTED_INCLUDE_IN_FRAMEWORK_HEADER = YES;
				CLANG_WARN_RANGE_LOOP_ANALYSIS = YES;
				CLANG_WARN_STRICT_PROTOTYPES = YES;
				CLANG_WARN_SUSPICIOUS_MOVE = YES;
				CLANG_WARN_UNGUARDED_AVAILABILITY = YES_AGGRESSIVE;
				CLANG_WARN_UNREACHABLE_CODE = YES;
				CLANG_WARN__DUPLICATE_METHOD_MATCH = YES;
				COPY_PHASE_STRIP = NO;
				DEBUG_INFORMATION_FORMAT = dwarf;
				ENABLE_STRICT_OBJC_MSGSEND = YES;
				ENABLE_TESTABILITY = YES;
				GCC_C_LANGUAGE_STANDARD = gnu11;
				GCC_DYNAMIC_NO_PIC = NO;
				GCC_NO_COMMON_BLOCKS = YES;
				GCC_OPTIMIZATION_LEVEL = 0;
				GCC_PREPROCESSOR_DEFINITIONS = (
					"DEBUG=1",
					"$(inherited)",
				);
				GCC_WARN_64_TO_32_BIT_CONVERSION = YES;
				GCC_WARN_ABOUT_RETURN_TYPE = YES_ERROR;
				GCC_WARN_UNDECLARED_SELECTOR = YES;
				GCC_WARN_UNINITIALIZED_AUTOS = YES_AGGRESSIVE;
				GCC_WARN_UNUSED_FUNCTION = YES;
				GCC_WARN_UNUSED_VARIABLE = YES;
				IPHONEOS_DEPLOYMENT_TARGET = 15.0;
				MTL_ENABLE_DEBUG_INFO = INCLUDE_SOURCE;
				MTL_FAST_MATH = YES;
				ONLY_ACTIVE_ARCH = YES;
				SDKROOT = iphoneos;
				SWIFT_ACTIVE_COMPILATION_CONDITIONS = DEBUG;
				SWIFT_OPTIMIZATION_LEVEL = "-Onone";
			};
			name = Debug;
		};
		A871ACF7277B7F0500A7C100 /* Release */ = {
			isa = XCBuildConfiguration;
			buildSettings = {
				ALWAYS_SEARCH_USER_PATHS = NO;
				CLANG_ANALYZER_NONNULL = YES;
				CLANG_ANALYZER_NUMBER_OBJECT_CONVERSION = YES_AGGRESSIVE;
				CLANG_CXX_LANGUAGE_STANDARD = "gnu++17";
				CLANG_CXX_LIBRARY = "libc++";
				CLANG_ENABLE_MODULES = YES;
				CLANG_ENABLE_OBJC_ARC = YES;
				CLANG_ENABLE_OBJC_WEAK = YES;
				CLANG_WARN_BLOCK_CAPTURE_AUTORELEASING = YES;
				CLANG_WARN_BOOL_CONVERSION = YES;
				CLANG_WARN_COMMA = YES;
				CLANG_WARN_CONSTANT_CONVERSION = YES;
				CLANG_WARN_DEPRECATED_OBJC_IMPLEMENTATIONS = YES;
				CLANG_WARN_DIRECT_OBJC_ISA_USAGE = YES_ERROR;
				CLANG_WARN_DOCUMENTATION_COMMENTS = YES;
				CLANG_WARN_EMPTY_BODY = YES;
				CLANG_WARN_ENUM_CONVERSION = YES;
				CLANG_WARN_INFINITE_RECURSION = YES;
				CLANG_WARN_INT_CONVERSION = YES;
				CLANG_WARN_NON_LITERAL_NULL_CONVERSION = YES;
				CLANG_WARN_OBJC_IMPLICIT_RETAIN_SELF = YES;
				CLANG_WARN_OBJC_LITERAL_CONVERSION = YES;
				CLANG_WARN_OBJC_ROOT_CLASS = YES_ERROR;
				CLANG_WARN_QUOTED_INCLUDE_IN_FRAMEWORK_HEADER = YES;
				CLANG_WARN_RANGE_LOOP_ANALYSIS = YES;
				CLANG_WARN_STRICT_PROTOTYPES = YES;
				CLANG_WARN_SUSPICIOUS_MOVE = YES;
				CLANG_WARN_UNGUARDED_AVAILABILITY = YES_AGGRESSIVE;
				CLANG_WARN_UNREACHABLE_CODE = YES;
				CLANG_WARN__DUPLICATE_METHOD_MATCH = YES;
				COPY_PHASE_STRIP = NO;
				DEBUG_INFORMATION_FORMAT = "dwarf-with-dsym";
				ENABLE_NS_ASSERTIONS = NO;
				ENABLE_STRICT_OBJC_MSGSEND = YES;
				GCC_C_LANGUAGE_STANDARD = gnu11;
				GCC_NO_COMMON_BLOCKS = YES;
				GCC_WARN_64_TO_32_BIT_CONVERSION = YES;
				GCC_WARN_ABOUT_RETURN_TYPE = YES_ERROR;
				GCC_WARN_UNDECLARED_SELECTOR = YES;
				GCC_WARN_UNINITIALIZED_AUTOS = YES_AGGRESSIVE;
				GCC_WARN_UNUSED_FUNCTION = YES;
				GCC_WARN_UNUSED_VARIABLE = YES;
				IPHONEOS_DEPLOYMENT_TARGET = 15.0;
				MTL_ENABLE_DEBUG_INFO = NO;
				MTL_FAST_MATH = YES;
				SDKROOT = iphoneos;
				SWIFT_COMPILATION_MODE = wholemodule;
				SWIFT_OPTIMIZATION_LEVEL = "-O";
				VALIDATE_PRODUCT = YES;
			};
			name = Release;
		};
		A871ACF9277B7F0500A7C100 /* Debug */ = {
			isa = XCBuildConfiguration;
			baseConfigurationReference = 04255E88DF129D7951B45E48 /* Pods-pay.debug.xcconfig */;
			buildSettings = {
				ASSETCATALOG_COMPILER_APPICON_NAME = AppIcon;
				ASSETCATALOG_COMPILER_GLOBAL_ACCENT_COLOR_NAME = AccentColor;
				CODE_SIGN_STYLE = Automatic;
				CURRENT_PROJECT_VERSION = 1;
				DEVELOPMENT_TEAM = X5SYDV9Z7U;
				GENERATE_INFOPLIST_FILE = YES;
				INFOPLIST_FILE = pay/Info.plist;
				INFOPLIST_KEY_UIApplicationSupportsIndirectInputEvents = YES;
				INFOPLIST_KEY_UILaunchStoryboardName = LaunchScreen;
				INFOPLIST_KEY_UISupportedInterfaceOrientations_iPad = "UIInterfaceOrientationPortrait UIInterfaceOrientationPortraitUpsideDown UIInterfaceOrientationLandscapeLeft UIInterfaceOrientationLandscapeRight";
				INFOPLIST_KEY_UISupportedInterfaceOrientations_iPhone = "UIInterfaceOrientationPortrait UIInterfaceOrientationLandscapeLeft UIInterfaceOrientationLandscapeRight";
				LD_RUNPATH_SEARCH_PATHS = (
					"$(inherited)",
					"@executable_path/Frameworks",
				);
				MARKETING_VERSION = 1.0;
				PRODUCT_BUNDLE_IDENTIFIER = com.alex.pay;
				PRODUCT_NAME = "$(TARGET_NAME)";
				SWIFT_EMIT_LOC_STRINGS = YES;
				SWIFT_VERSION = 5.0;
				TARGETED_DEVICE_FAMILY = "1,2";
			};
			name = Debug;
		};
		A871ACFA277B7F0500A7C100 /* Release */ = {
			isa = XCBuildConfiguration;
			baseConfigurationReference = 3C3154E0AFC58D4348FA6231 /* Pods-pay.release.xcconfig */;
			buildSettings = {
				ASSETCATALOG_COMPILER_APPICON_NAME = AppIcon;
				ASSETCATALOG_COMPILER_GLOBAL_ACCENT_COLOR_NAME = AccentColor;
				CODE_SIGN_STYLE = Automatic;
				CURRENT_PROJECT_VERSION = 1;
				DEVELOPMENT_TEAM = X5SYDV9Z7U;
				GENERATE_INFOPLIST_FILE = YES;
				INFOPLIST_FILE = pay/Info.plist;
				INFOPLIST_KEY_UIApplicationSupportsIndirectInputEvents = YES;
				INFOPLIST_KEY_UILaunchStoryboardName = LaunchScreen;
				INFOPLIST_KEY_UISupportedInterfaceOrientations_iPad = "UIInterfaceOrientationPortrait UIInterfaceOrientationPortraitUpsideDown UIInterfaceOrientationLandscapeLeft UIInterfaceOrientationLandscapeRight";
				INFOPLIST_KEY_UISupportedInterfaceOrientations_iPhone = "UIInterfaceOrientationPortrait UIInterfaceOrientationLandscapeLeft UIInterfaceOrientationLandscapeRight";
				LD_RUNPATH_SEARCH_PATHS = (
					"$(inherited)",
					"@executable_path/Frameworks",
				);
				MARKETING_VERSION = 1.0;
				PRODUCT_BUNDLE_IDENTIFIER = com.alex.pay;
				PRODUCT_NAME = "$(TARGET_NAME)";
				SWIFT_EMIT_LOC_STRINGS = YES;
				SWIFT_VERSION = 5.0;
				TARGETED_DEVICE_FAMILY = "1,2";
			};
			name = Release;
		};
/* End XCBuildConfiguration section */

/* Begin XCConfigurationList section */
		A871ACDF277B7F0300A7C100 /* Build configuration list for PBXProject "pay" */ = {
			isa = XCConfigurationList;
			buildConfigurations = (
				A871ACF6277B7F0500A7C100 /* Debug */,
				A871ACF7277B7F0500A7C100 /* Release */,
			);
			defaultConfigurationIsVisible = 0;
			defaultConfigurationName = Release;
		};
		A871ACF8277B7F0500A7C100 /* Build configuration list for PBXNativeTarget "pay" */ = {
			isa = XCConfigurationList;
			buildConfigurations = (
				A871ACF9277B7F0500A7C100 /* Debug */,
				A871ACFA277B7F0500A7C100 /* Release */,
			);
			defaultConfigurationIsVisible = 0;
			defaultConfigurationName = Release;
		};
/* End XCConfigurationList section */
	};
	rootObject = A871ACDC277B7F0300A7C100 /* Project object */;
}
